
Microsoft Visual Studio Solution File, Format Version 12.00
# Visual Studio Version 16
Project("{2150E333-8FDC-42A3-9474-1A3956D46DE8}") = "CMakePredefinedTargets", "CMakePredefinedTargets", "{61CA591F-B066-360B-9AD2-56780E1ABAC8}"
EndProject
Project("{2150E333-8FDC-42A3-9474-1A3956D46DE8}") = "External", "External", "{F70A0379-EE87-30DC-A583-E93ECD0771DD}"
EndProject
Project("{2150E333-8FDC-42A3-9474-1A3956D46DE8}") = "Internal", "Internal", "{54FD1B5A-1AF9-342D-A155-C7FEC624C9E4}"
EndProject
Project("{2150E333-8FDC-42A3-9474-1A3956D46DE8}") = "Utils", "Utils", "{286A9B51-F331-3383-A0DB-3895728F82C5}"
EndProject
Project("{8BC9CEB8-8B4A-11D0-8D11-00A0C91BC942}") = "ALL_BUILD", "ALL_BUILD.vcxproj", "{F6FA6BA5-E35A-3BCD-946F-53176EEDECC7}"
	ProjectSection(ProjectDependencies) = postProject
		{F0DD22C0-3D4B-3834-BF04-83DA43C28B92} = {F0DD22C0-3D4B-3834-BF04-83DA43C28B92}
		{8B7D2BFB-A649-39CB-873D-09EB18295A13} = {8B7D2BFB-A649-39CB-873D-09EB18295A13}
		{07EBE6FD-0963-36AC-9594-1825B9A771B6} = {07EBE6FD-0963-36AC-9594-1825B9A771B6}
		{1358C74F-D11F-3455-BD25-BDB202ACDB39} = {1358C74F-D11F-3455-BD25-BDB202ACDB39}
		{727CBAA9-65C6-3B32-84FC-4DC73DB101D8} = {727CBAA9-65C6-3B32-84FC-4DC73DB101D8}
		{5A18B48C-4AEF-3722-8B47-A0D80CA1067C} = {5A18B48C-4AEF-3722-8B47-A0D80CA1067C}
		{F93A6264-7D45-3C1B-92EA-9AE6EAFF355B} = {F93A6264-7D45-3C1B-92EA-9AE6EAFF355B}
		{924370DC-CF4B-3C12-9858-DBB0288228E1} = {924370DC-CF4B-3C12-9858-DBB0288228E1}
		{4ED198F7-20F7-378E-9179-77957A493CCA} = {4ED198F7-20F7-378E-9179-77957A493CCA}
		{59837F11-A018-325E-8986-0BD39240C582} = {59837F11-A018-325E-8986-0BD39240C582}
		{896F75C6-D369-3832-856D-60E748EE5BCB} = {896F75C6-D369-3832-856D-60E748EE5BCB}
		{3CCA9C49-FE40-3306-93E9-3E2B08DC58BE} = {3CCA9C49-FE40-3306-93E9-3E2B08DC58BE}
		{6A336303-5785-34EE-94ED-99738F806711} = {6A336303-5785-34EE-94ED-99738F806711}
		{30EAB5D2-E5BC-35A6-99E3-4C98009F8C00} = {30EAB5D2-E5BC-35A6-99E3-4C98009F8C00}
		{C2F43FD7-085E-3C0C-96FE-5B090D383480} = {C2F43FD7-085E-3C0C-96FE-5B090D383480}
	EndProjectSection
EndProject
Project("{8BC9CEB8-8B4A-11D0-8D11-00A0C91BC942}") = "SYNC_RESOURCE-TestProject", "SYNC_RESOURCE-TestProject.vcxproj", "{F0DD22C0-3D4B-3834-BF04-83DA43C28B92}"
	ProjectSection(ProjectDependencies) = postProject
		{07EBE6FD-0963-36AC-9594-1825B9A771B6} = {07EBE6FD-0963-36AC-9594-1825B9A771B6}
	EndProjectSection
EndProject
Project("{8BC9CEB8-8B4A-11D0-8D11-00A0C91BC942}") = "TestProject", "TestProject.vcxproj", "{8B7D2BFB-A649-39CB-873D-09EB18295A13}"
	ProjectSection(ProjectDependencies) = postProject
		{F0DD22C0-3D4B-3834-BF04-83DA43C28B92} = {F0DD22C0-3D4B-3834-BF04-83DA43C28B92}
		{07EBE6FD-0963-36AC-9594-1825B9A771B6} = {07EBE6FD-0963-36AC-9594-1825B9A771B6}
		{1358C74F-D11F-3455-BD25-BDB202ACDB39} = {1358C74F-D11F-3455-BD25-BDB202ACDB39}
		{727CBAA9-65C6-3B32-84FC-4DC73DB101D8} = {727CBAA9-65C6-3B32-84FC-4DC73DB101D8}
		{5A18B48C-4AEF-3722-8B47-A0D80CA1067C} = {5A18B48C-4AEF-3722-8B47-A0D80CA1067C}
		{F93A6264-7D45-3C1B-92EA-9AE6EAFF355B} = {F93A6264-7D45-3C1B-92EA-9AE6EAFF355B}
		{924370DC-CF4B-3C12-9858-DBB0288228E1} = {924370DC-CF4B-3C12-9858-DBB0288228E1}
		{4ED198F7-20F7-378E-9179-77957A493CCA} = {4ED198F7-20F7-378E-9179-77957A493CCA}
		{59837F11-A018-325E-8986-0BD39240C582} = {59837F11-A018-325E-8986-0BD39240C582}
		{896F75C6-D369-3832-856D-60E748EE5BCB} = {896F75C6-D369-3832-856D-60E748EE5BCB}
		{3CCA9C49-FE40-3306-93E9-3E2B08DC58BE} = {3CCA9C49-FE40-3306-93E9-3E2B08DC58BE}
		{6A336303-5785-34EE-94ED-99738F806711} = {6A336303-5785-34EE-94ED-99738F806711}
		{30EAB5D2-E5BC-35A6-99E3-4C98009F8C00} = {30EAB5D2-E5BC-35A6-99E3-4C98009F8C00}
		{C2F43FD7-085E-3C0C-96FE-5B090D383480} = {C2F43FD7-085E-3C0C-96FE-5B090D383480}
	EndProjectSection
EndProject
Project("{8BC9CEB8-8B4A-11D0-8D11-00A0C91BC942}") = "ZERO_CHECK", "ZERO_CHECK.vcxproj", "{07EBE6FD-0963-36AC-9594-1825B9A771B6}"
	ProjectSection(ProjectDependencies) = postProject
	EndProjectSection
EndProject
Project("{8BC9CEB8-8B4A-11D0-8D11-00A0C91BC942}") = "cocos2d", "engine\cocos\core\cocos2d.vcxproj", "{1358C74F-D11F-3455-BD25-BDB202ACDB39}"
	ProjectSection(ProjectDependencies) = postProject
		{07EBE6FD-0963-36AC-9594-1825B9A771B6} = {07EBE6FD-0963-36AC-9594-1825B9A771B6}
		{727CBAA9-65C6-3B32-84FC-4DC73DB101D8} = {727CBAA9-65C6-3B32-84FC-4DC73DB101D8}
		{5A18B48C-4AEF-3722-8B47-A0D80CA1067C} = {5A18B48C-4AEF-3722-8B47-A0D80CA1067C}
		{F93A6264-7D45-3C1B-92EA-9AE6EAFF355B} = {F93A6264-7D45-3C1B-92EA-9AE6EAFF355B}
		{924370DC-CF4B-3C12-9858-DBB0288228E1} = {924370DC-CF4B-3C12-9858-DBB0288228E1}
		{4ED198F7-20F7-378E-9179-77957A493CCA} = {4ED198F7-20F7-378E-9179-77957A493CCA}
		{59837F11-A018-325E-8986-0BD39240C582} = {59837F11-A018-325E-8986-0BD39240C582}
		{896F75C6-D369-3832-856D-60E748EE5BCB} = {896F75C6-D369-3832-856D-60E748EE5BCB}
		{3CCA9C49-FE40-3306-93E9-3E2B08DC58BE} = {3CCA9C49-FE40-3306-93E9-3E2B08DC58BE}
		{6A336303-5785-34EE-94ED-99738F806711} = {6A336303-5785-34EE-94ED-99738F806711}
		{30EAB5D2-E5BC-35A6-99E3-4C98009F8C00} = {30EAB5D2-E5BC-35A6-99E3-4C98009F8C00}
		{C2F43FD7-085E-3C0C-96FE-5B090D383480} = {C2F43FD7-085E-3C0C-96FE-5B090D383480}
	EndProjectSection
EndProject
Project("{8BC9CEB8-8B4A-11D0-8D11-00A0C91BC942}") = "ext_clipper", "engine\external\clipper\ext_clipper.vcxproj", "{727CBAA9-65C6-3B32-84FC-4DC73DB101D8}"
	ProjectSection(ProjectDependencies) = postProject
		{07EBE6FD-0963-36AC-9594-1825B9A771B6} = {07EBE6FD-0963-36AC-9594-1825B9A771B6}
	EndProjectSection
EndProject
Project("{8BC9CEB8-8B4A-11D0-8D11-00A0C91BC942}") = "ext_convertUTF", "engine\external\ConvertUTF\ext_convertUTF.vcxproj", "{5A18B48C-4AEF-3722-8B47-A0D80CA1067C}"
	ProjectSection(ProjectDependencies) = postProject
		{07EBE6FD-0963-36AC-9594-1825B9A771B6} = {07EBE6FD-0963-36AC-9594-1825B9A771B6}
	EndProjectSection
EndProject
Project("{8BC9CEB8-8B4A-11D0-8D11-00A0C91BC942}") = "ext_edtaa3func", "engine\external\edtaa3func\ext_edtaa3func.vcxproj", "{F93A6264-7D45-3C1B-92EA-9AE6EAFF355B}"
	ProjectSection(ProjectDependencies) = postProject
		{07EBE6FD-0963-36AC-9594-1825B9A771B6} = {07EBE6FD-0963-36AC-9594-1825B9A771B6}
	EndProjectSection
EndProject
Project("{8BC9CEB8-8B4A-11D0-8D11-00A0C91BC942}") = "ext_md5", "engine\external\md5\ext_md5.vcxproj", "{924370DC-CF4B-3C12-9858-DBB0288228E1}"
	ProjectSection(ProjectDependencies) = postProject
		{07EBE6FD-0963-36AC-9594-1825B9A771B6} = {07EBE6FD-0963-36AC-9594-1825B9A771B6}
	EndProjectSection
EndProject
Project("{8BC9CEB8-8B4A-11D0-8D11-00A0C91BC942}") = "ext_poly2tri", "engine\external\poly2tri\ext_poly2tri.vcxproj", "{4ED198F7-20F7-378E-9179-77957A493CCA}"
	ProjectSection(ProjectDependencies) = postProject
		{07EBE6FD-0963-36AC-9594-1825B9A771B6} = {07EBE6FD-0963-36AC-9594-1825B9A771B6}
	EndProjectSection
EndProject
Project("{8BC9CEB8-8B4A-11D0-8D11-00A0C91BC942}") = "ext_recast", "engine\external\recast\ext_recast.vcxproj", "{59837F11-A018-325E-8986-0BD39240C582}"
	ProjectSection(ProjectDependencies) = postProject
		{07EBE6FD-0963-36AC-9594-1825B9A771B6} = {07EBE6FD-0963-36AC-9594-1825B9A771B6}
	EndProjectSection
EndProject
Project("{8BC9CEB8-8B4A-11D0-8D11-00A0C91BC942}") = "ext_tinyxml2", "engine\external\tinyxml2\ext_tinyxml2.vcxproj", "{896F75C6-D369-3832-856D-60E748EE5BCB}"
	ProjectSection(ProjectDependencies) = postProject
		{07EBE6FD-0963-36AC-9594-1825B9A771B6} = {07EBE6FD-0963-36AC-9594-1825B9A771B6}
	EndProjectSection
EndProject
Project("{8BC9CEB8-8B4A-11D0-8D11-00A0C91BC942}") = "ext_unzip", "engine\external\unzip\ext_unzip.vcxproj", "{3CCA9C49-FE40-3306-93E9-3E2B08DC58BE}"
	ProjectSection(ProjectDependencies) = postProject
		{07EBE6FD-0963-36AC-9594-1825B9A771B6} = {07EBE6FD-0963-36AC-9594-1825B9A771B6}
	EndProjectSection
EndProject
Project("{8BC9CEB8-8B4A-11D0-8D11-00A0C91BC942}") = "ext_xxhash", "engine\external\xxhash\ext_xxhash.vcxproj", "{6A336303-5785-34EE-94ED-99738F806711}"
	ProjectSection(ProjectDependencies) = postProject
		{07EBE6FD-0963-36AC-9594-1825B9A771B6} = {07EBE6FD-0963-36AC-9594-1825B9A771B6}
	EndProjectSection
EndProject
Project("{8BC9CEB8-8B4A-11D0-8D11-00A0C91BC942}") = "ext_xxtea", "engine\external\xxtea\ext_xxtea.vcxproj", "{30EAB5D2-E5BC-35A6-99E3-4C98009F8C00}"
	ProjectSection(ProjectDependencies) = postProject
		{07EBE6FD-0963-36AC-9594-1825B9A771B6} = {07EBE6FD-0963-36AC-9594-1825B9A771B6}
	EndProjectSection
EndProject
Project("{8BC9CEB8-8B4A-11D0-8D11-00A0C91BC942}") = "external", "engine\external\external.vcxproj", "{C2F43FD7-085E-3C0C-96FE-5B090D383480}"
	ProjectSection(ProjectDependencies) = postProject
		{07EBE6FD-0963-36AC-9594-1825B9A771B6} = {07EBE6FD-0963-36AC-9594-1825B9A771B6}
		{727CBAA9-65C6-3B32-84FC-4DC73DB101D8} = {727CBAA9-65C6-3B32-84FC-4DC73DB101D8}
		{5A18B48C-4AEF-3722-8B47-A0D80CA1067C} = {5A18B48C-4AEF-3722-8B47-A0D80CA1067C}
		{F93A6264-7D45-3C1B-92EA-9AE6EAFF355B} = {F93A6264-7D45-3C1B-92EA-9AE6EAFF355B}
		{924370DC-CF4B-3C12-9858-DBB0288228E1} = {924370DC-CF4B-3C12-9858-DBB0288228E1}
		{4ED198F7-20F7-378E-9179-77957A493CCA} = {4ED198F7-20F7-378E-9179-77957A493CCA}
		{59837F11-A018-325E-8986-0BD39240C582} = {59837F11-A018-325E-8986-0BD39240C582}
		{896F75C6-D369-3832-856D-60E748EE5BCB} = {896F75C6-D369-3832-856D-60E748EE5BCB}
		{3CCA9C49-FE40-3306-93E9-3E2B08DC58BE} = {3CCA9C49-FE40-3306-93E9-3E2B08DC58BE}
		{6A336303-5785-34EE-94ED-99738F806711} = {6A336303-5785-34EE-94ED-99738F806711}
		{30EAB5D2-E5BC-35A6-99E3-4C98009F8C00} = {30EAB5D2-E5BC-35A6-99E3-4C98009F8C00}
	EndProjectSection
EndProject
Global
	GlobalSection(SolutionConfigurationPlatforms) = preSolution
		Debug|Win32 = Debug|Win32
		Release|Win32 = Release|Win32
		MinSizeRel|Win32 = MinSizeRel|Win32
		RelWithDebInfo|Win32 = RelWithDebInfo|Win32
	EndGlobalSection
	GlobalSection(ProjectConfigurationPlatforms) = postSolution
		{F6FA6BA5-E35A-3BCD-946F-53176EEDECC7}.Debug|Win32.ActiveCfg = Debug|Win32
		{F6FA6BA5-E35A-3BCD-946F-53176EEDECC7}.Release|Win32.ActiveCfg = Release|Win32
		{F6FA6BA5-E35A-3BCD-946F-53176EEDECC7}.MinSizeRel|Win32.ActiveCfg = MinSizeRel|Win32
		{F6FA6BA5-E35A-3BCD-946F-53176EEDECC7}.RelWithDebInfo|Win32.ActiveCfg = RelWithDebInfo|Win32
		{F0DD22C0-3D4B-3834-BF04-83DA43C28B92}.Debug|Win32.ActiveCfg = Debug|Win32
		{F0DD22C0-3D4B-3834-BF04-83DA43C28B92}.Debug|Win32.Build.0 = Debug|Win32
		{F0DD22C0-3D4B-3834-BF04-83DA43C28B92}.Release|Win32.ActiveCfg = Release|Win32
		{F0DD22C0-3D4B-3834-BF04-83DA43C28B92}.Release|Win32.Build.0 = Release|Win32
		{F0DD22C0-3D4B-3834-BF04-83DA43C28B92}.MinSizeRel|Win32.ActiveCfg = MinSizeRel|Win32
		{F0DD22C0-3D4B-3834-BF04-83DA43C28B92}.MinSizeRel|Win32.Build.0 = MinSizeRel|Win32
		{F0DD22C0-3D4B-3834-BF04-83DA43C28B92}.RelWithDebInfo|Win32.ActiveCfg = RelWithDebInfo|Win32
		{F0DD22C0-3D4B-3834-BF04-83DA43C28B92}.RelWithDebInfo|Win32.Build.0 = RelWithDebInfo|Win32
		{8B7D2BFB-A649-39CB-873D-09EB18295A13}.Debug|Win32.ActiveCfg = Debug|Win32
		{8B7D2BFB-A649-39CB-873D-09EB18295A13}.Debug|Win32.Build.0 = Debug|Win32
		{8B7D2BFB-A649-39CB-873D-09EB18295A13}.Release|Win32.ActiveCfg = Release|Win32
		{8B7D2BFB-A649-39CB-873D-09EB18295A13}.Release|Win32.Build.0 = Release|Win32
		{8B7D2BFB-A649-39CB-873D-09EB18295A13}.MinSizeRel|Win32.ActiveCfg = MinSizeRel|Win32
		{8B7D2BFB-A649-39CB-873D-09EB18295A13}.MinSizeRel|Win32.Build.0 = MinSizeRel|Win32
		{8B7D2BFB-A649-39CB-873D-09EB18295A13}.RelWithDebInfo|Win32.ActiveCfg = RelWithDebInfo|Win32
		{8B7D2BFB-A649-39CB-873D-09EB18295A13}.RelWithDebInfo|Win32.Build.0 = RelWithDebInfo|Win32
		{07EBE6FD-0963-36AC-9594-1825B9A771B6}.Debug|Win32.ActiveCfg = Debug|Win32
		{07EBE6FD-0963-36AC-9594-1825B9A771B6}.Debug|Win32.Build.0 = Debug|Win32
		{07EBE6FD-0963-36AC-9594-1825B9A771B6}.Release|Win32.ActiveCfg = Release|Win32
		{07EBE6FD-0963-36AC-9594-1825B9A771B6}.Release|Win32.Build.0 = Release|Win32
		{07EBE6FD-0963-36AC-9594-1825B9A771B6}.MinSizeRel|Win32.ActiveCfg = MinSizeRel|Win32
		{07EBE6FD-0963-36AC-9594-1825B9A771B6}.MinSizeRel|Win32.Build.0 = MinSizeRel|Win32
		{07EBE6FD-0963-36AC-9594-1825B9A771B6}.RelWithDebInfo|Win32.ActiveCfg = RelWithDebInfo|Win32
		{07EBE6FD-0963-36AC-9594-1825B9A771B6}.RelWithDebInfo|Win32.Build.0 = RelWithDebInfo|Win32
		{1358C74F-D11F-3455-BD25-BDB202ACDB39}.Debug|Win32.ActiveCfg = Debug|Win32
		{1358C74F-D11F-3455-BD25-BDB202ACDB39}.Debug|Win32.Build.0 = Debug|Win32
		{1358C74F-D11F-3455-BD25-BDB202ACDB39}.Release|Win32.ActiveCfg = Release|Win32
		{1358C74F-D11F-3455-BD25-BDB202ACDB39}.Release|Win32.Build.0 = Release|Win32
		{1358C74F-D11F-3455-BD25-BDB202ACDB39}.MinSizeRel|Win32.ActiveCfg = MinSizeRel|Win32
		{1358C74F-D11F-3455-BD25-BDB202ACDB39}.MinSizeRel|Win32.Build.0 = MinSizeRel|Win32
		{1358C74F-D11F-3455-BD25-BDB202ACDB39}.RelWithDebInfo|Win32.ActiveCfg = RelWithDebInfo|Win32
		{1358C74F-D11F-3455-BD25-BDB202ACDB39}.RelWithDebInfo|Win32.Build.0 = RelWithDebInfo|Win32
		{727CBAA9-65C6-3B32-84FC-4DC73DB101D8}.Debug|Win32.ActiveCfg = Debug|Win32
		{727CBAA9-65C6-3B32-84FC-4DC73DB101D8}.Debug|Win32.Build.0 = Debug|Win32
		{727CBAA9-65C6-3B32-84FC-4DC73DB101D8}.Release|Win32.ActiveCfg = Release|Win32
		{727CBAA9-65C6-3B32-84FC-4DC73DB101D8}.Release|Win32.Build.0 = Release|Win32
		{727CBAA9-65C6-3B32-84FC-4DC73DB101D8}.MinSizeRel|Win32.ActiveCfg = MinSizeRel|Win32
		{727CBAA9-65C6-3B32-84FC-4DC73DB101D8}.MinSizeRel|Win32.Build.0 = MinSizeRel|Win32
		{727CBAA9-65C6-3B32-84FC-4DC73DB101D8}.RelWithDebInfo|Win32.ActiveCfg = RelWithDebInfo|Win32
		{727CBAA9-65C6-3B32-84FC-4DC73DB101D8}.RelWithDebInfo|Win32.Build.0 = RelWithDebInfo|Win32
		{5A18B48C-4AEF-3722-8B47-A0D80CA1067C}.Debug|Win32.ActiveCfg = Debug|Win32
		{5A18B48C-4AEF-3722-8B47-A0D80CA1067C}.Debug|Win32.Build.0 = Debug|Win32
		{5A18B48C-4AEF-3722-8B47-A0D80CA1067C}.Release|Win32.ActiveCfg = Release|Win32
		{5A18B48C-4AEF-3722-8B47-A0D80CA1067C}.Release|Win32.Build.0 = Release|Win32
		{5A18B48C-4AEF-3722-8B47-A0D80CA1067C}.MinSizeRel|Win32.ActiveCfg = MinSizeRel|Win32
		{5A18B48C-4AEF-3722-8B47-A0D80CA1067C}.MinSizeRel|Win32.Build.0 = MinSizeRel|Win32
		{5A18B48C-4AEF-3722-8B47-A0D80CA1067C}.RelWithDebInfo|Win32.ActiveCfg = RelWithDebInfo|Win32
		{5A18B48C-4AEF-3722-8B47-A0D80CA1067C}.RelWithDebInfo|Win32.Build.0 = RelWithDebInfo|Win32
		{F93A6264-7D45-3C1B-92EA-9AE6EAFF355B}.Debug|Win32.ActiveCfg = Debug|Win32
		{F93A6264-7D45-3C1B-92EA-9AE6EAFF355B}.Debug|Win32.Build.0 = Debug|Win32
		{F93A6264-7D45-3C1B-92EA-9AE6EAFF355B}.Release|Win32.ActiveCfg = Release|Win32
		{F93A6264-7D45-3C1B-92EA-9AE6EAFF355B}.Release|Win32.Build.0 = Release|Win32
		{F93A6264-7D45-3C1B-92EA-9AE6EAFF355B}.MinSizeRel|Win32.ActiveCfg = MinSizeRel|Win32
		{F93A6264-7D45-3C1B-92EA-9AE6EAFF355B}.MinSizeRel|Win32.Build.0 = MinSizeRel|Win32
		{F93A6264-7D45-3C1B-92EA-9AE6EAFF355B}.RelWithDebInfo|Win32.ActiveCfg = RelWithDebInfo|Win32
		{F93A6264-7D45-3C1B-92EA-9AE6EAFF355B}.RelWithDebInfo|Win32.Build.0 = RelWithDebInfo|Win32
		{924370DC-CF4B-3C12-9858-DBB0288228E1}.Debug|Win32.ActiveCfg = Debug|Win32
		{924370DC-CF4B-3C12-9858-DBB0288228E1}.Debug|Win32.Build.0 = Debug|Win32
		{924370DC-CF4B-3C12-9858-DBB0288228E1}.Release|Win32.ActiveCfg = Release|Win32
		{924370DC-CF4B-3C12-9858-DBB0288228E1}.Release|Win32.Build.0 = Release|Win32
		{924370DC-CF4B-3C12-9858-DBB0288228E1}.MinSizeRel|Win32.ActiveCfg = MinSizeRel|Win32
		{924370DC-CF4B-3C12-9858-DBB0288228E1}.MinSizeRel|Win32.Build.0 = MinSizeRel|Win32
		{924370DC-CF4B-3C12-9858-DBB0288228E1}.RelWithDebInfo|Win32.ActiveCfg = RelWithDebInfo|Win32
		{924370DC-CF4B-3C12-9858-DBB0288228E1}.RelWithDebInfo|Win32.Build.0 = RelWithDebInfo|Win32
		{4ED198F7-20F7-378E-9179-77957A493CCA}.Debug|Win32.ActiveCfg = Debug|Win32
		{4ED198F7-20F7-378E-9179-77957A493CCA}.Debug|Win32.Build.0 = Debug|Win32
		{4ED198F7-20F7-378E-9179-77957A493CCA}.Release|Win32.ActiveCfg = Release|Win32
		{4ED198F7-20F7-378E-9179-77957A493CCA}.Release|Win32.Build.0 = Release|Win32
		{4ED198F7-20F7-378E-9179-77957A493CCA}.MinSizeRel|Win32.ActiveCfg = MinSizeRel|Win32
		{4ED198F7-20F7-378E-9179-77957A493CCA}.MinSizeRel|Win32.Build.0 = MinSizeRel|Win32
		{4ED198F7-20F7-378E-9179-77957A493CCA}.RelWithDebInfo|Win32.ActiveCfg = RelWithDebInfo|Win32
		{4ED198F7-20F7-378E-9179-77957A493CCA}.RelWithDebInfo|Win32.Build.0 = RelWithDebInfo|Win32
		{59837F11-A018-325E-8986-0BD39240C582}.Debug|Win32.ActiveCfg = Debug|Win32
		{59837F11-A018-325E-8986-0BD39240C582}.Debug|Win32.Build.0 = Debug|Win32
		{59837F11-A018-325E-8986-0BD39240C582}.Release|Win32.ActiveCfg = Release|Win32
		{59837F11-A018-325E-8986-0BD39240C582}.Release|Win32.Build.0 = Release|Win32
		{59837F11-A018-325E-8986-0BD39240C582}.MinSizeRel|Win32.ActiveCfg = MinSizeRel|Win32
		{59837F11-A018-325E-8986-0BD39240C582}.MinSizeRel|Win32.Build.0 = MinSizeRel|Win32
		{59837F11-A018-325E-8986-0BD39240C582}.RelWithDebInfo|Win32.ActiveCfg = RelWithDebInfo|Win32
		{59837F11-A018-325E-8986-0BD39240C582}.RelWithDebInfo|Win32.Build.0 = RelWithDebInfo|Win32
		{896F75C6-D369-3832-856D-60E748EE5BCB}.Debug|Win32.ActiveCfg = Debug|Win32
		{896F75C6-D369-3832-856D-60E748EE5BCB}.Debug|Win32.Build.0 = Debug|Win32
		{896F75C6-D369-3832-856D-60E748EE5BCB}.Release|Win32.ActiveCfg = Release|Win32
		{896F75C6-D369-3832-856D-60E748EE5BCB}.Release|Win32.Build.0 = Release|Win32
		{896F75C6-D369-3832-856D-60E748EE5BCB}.MinSizeRel|Win32.ActiveCfg = MinSizeRel|Win32
		{896F75C6-D369-3832-856D-60E748EE5BCB}.MinSizeRel|Win32.Build.0 = MinSizeRel|Win32
		{896F75C6-D369-3832-856D-60E748EE5BCB}.RelWithDebInfo|Win32.ActiveCfg = RelWithDebInfo|Win32
		{896F75C6-D369-3832-856D-60E748EE5BCB}.RelWithDebInfo|Win32.Build.0 = RelWithDebInfo|Win32
		{3CCA9C49-FE40-3306-93E9-3E2B08DC58BE}.Debug|Win32.ActiveCfg = Debug|Win32
		{3CCA9C49-FE40-3306-93E9-3E2B08DC58BE}.Debug|Win32.Build.0 = Debug|Win32
		{3CCA9C49-FE40-3306-93E9-3E2B08DC58BE}.Release|Win32.ActiveCfg = Release|Win32
		{3CCA9C49-FE40-3306-93E9-3E2B08DC58BE}.Release|Win32.Build.0 = Release|Win32
		{3CCA9C49-FE40-3306-93E9-3E2B08DC58BE}.MinSizeRel|Win32.ActiveCfg = MinSizeRel|Win32
		{3CCA9C49-FE40-3306-93E9-3E2B08DC58BE}.MinSizeRel|Win32.Build.0 = MinSizeRel|Win32
		{3CCA9C49-FE40-3306-93E9-3E2B08DC58BE}.RelWithDebInfo|Win32.ActiveCfg = RelWithDebInfo|Win32
		{3CCA9C49-FE40-3306-93E9-3E2B08DC58BE}.RelWithDebInfo|Win32.Build.0 = RelWithDebInfo|Win32
		{6A336303-5785-34EE-94ED-99738F806711}.Debug|Win32.ActiveCfg = Debug|Win32
		{6A336303-5785-34EE-94ED-99738F806711}.Debug|Win32.Build.0 = Debug|Win32
		{6A336303-5785-34EE-94ED-99738F806711}.Release|Win32.ActiveCfg = Release|Win32
		{6A336303-5785-34EE-94ED-99738F806711}.Release|Win32.Build.0 = Release|Win32
		{6A336303-5785-34EE-94ED-99738F806711}.MinSizeRel|Win32.ActiveCfg = MinSizeRel|Win32
		{6A336303-5785-34EE-94ED-99738F806711}.MinSizeRel|Win32.Build.0 = MinSizeRel|Win32
		{6A336303-5785-34EE-94ED-99738F806711}.RelWithDebInfo|Win32.ActiveCfg = RelWithDebInfo|Win32
		{6A336303-5785-34EE-94ED-99738F806711}.RelWithDebInfo|Win32.Build.0 = RelWithDebInfo|Win32
		{30EAB5D2-E5BC-35A6-99E3-4C98009F8C00}.Debug|Win32.ActiveCfg = Debug|Win32
		{30EAB5D2-E5BC-35A6-99E3-4C98009F8C00}.Debug|Win32.Build.0 = Debug|Win32
		{30EAB5D2-E5BC-35A6-99E3-4C98009F8C00}.Release|Win32.ActiveCfg = Release|Win32
		{30EAB5D2-E5BC-35A6-99E3-4C98009F8C00}.Release|Win32.Build.0 = Release|Win32
		{30EAB5D2-E5BC-35A6-99E3-4C98009F8C00}.MinSizeRel|Win32.ActiveCfg = MinSizeRel|Win32
		{30EAB5D2-E5BC-35A6-99E3-4C98009F8C00}.MinSizeRel|Win32.Build.0 = MinSizeRel|Win32
		{30EAB5D2-E5BC-35A6-99E3-4C98009F8C00}.RelWithDebInfo|Win32.ActiveCfg = RelWithDebInfo|Win32
		{30EAB5D2-E5BC-35A6-99E3-4C98009F8C00}.RelWithDebInfo|Win32.Build.0 = RelWithDebInfo|Win32
		{C2F43FD7-085E-3C0C-96FE-5B090D383480}.Debug|Win32.ActiveCfg = Debug|Win32
		{C2F43FD7-085E-3C0C-96FE-5B090D383480}.Debug|Win32.Build.0 = Debug|Win32
		{C2F43FD7-085E-3C0C-96FE-5B090D383480}.Release|Win32.ActiveCfg = Release|Win32
		{C2F43FD7-085E-3C0C-96FE-5B090D383480}.Release|Win32.Build.0 = Release|Win32
		{C2F43FD7-085E-3C0C-96FE-5B090D383480}.MinSizeRel|Win32.ActiveCfg = MinSizeRel|Win32
		{C2F43FD7-085E-3C0C-96FE-5B090D383480}.MinSizeRel|Win32.Build.0 = MinSizeRel|Win32
		{C2F43FD7-085E-3C0C-96FE-5B090D383480}.RelWithDebInfo|Win32.ActiveCfg = RelWithDebInfo|Win32
		{C2F43FD7-085E-3C0C-96FE-5B090D383480}.RelWithDebInfo|Win32.Build.0 = RelWithDebInfo|Win32
	EndGlobalSection
	GlobalSection(NestedProjects) = preSolution
		{F6FA6BA5-E35A-3BCD-946F-53176EEDECC7} = {61CA591F-B066-360B-9AD2-56780E1ABAC8}
		{07EBE6FD-0963-36AC-9594-1825B9A771B6} = {61CA591F-B066-360B-9AD2-56780E1ABAC8}
		{727CBAA9-65C6-3B32-84FC-4DC73DB101D8} = {F70A0379-EE87-30DC-A583-E93ECD0771DD}
		{5A18B48C-4AEF-3722-8B47-A0D80CA1067C} = {F70A0379-EE87-30DC-A583-E93ECD0771DD}
		{F93A6264-7D45-3C1B-92EA-9AE6EAFF355B} = {F70A0379-EE87-30DC-A583-E93ECD0771DD}
		{924370DC-CF4B-3C12-9858-DBB0288228E1} = {F70A0379-EE87-30DC-A583-E93ECD0771DD}
		{4ED198F7-20F7-378E-9179-77957A493CCA} = {F70A0379-EE87-30DC-A583-E93ECD0771DD}
		{59837F11-A018-325E-8986-0BD39240C582} = {F70A0379-EE87-30DC-A583-E93ECD0771DD}
		{896F75C6-D369-3832-856D-60E748EE5BCB} = {F70A0379-EE87-30DC-A583-E93ECD0771DD}
		{3CCA9C49-FE40-3306-93E9-3E2B08DC58BE} = {F70A0379-EE87-30DC-A583-E93ECD0771DD}
		{6A336303-5785-34EE-94ED-99738F806711} = {F70A0379-EE87-30DC-A583-E93ECD0771DD}
		{30EAB5D2-E5BC-35A6-99E3-4C98009F8C00} = {F70A0379-EE87-30DC-A583-E93ECD0771DD}
		{C2F43FD7-085E-3C0C-96FE-5B090D383480} = {F70A0379-EE87-30DC-A583-E93ECD0771DD}
		{1358C74F-D11F-3455-BD25-BDB202ACDB39} = {54FD1B5A-1AF9-342D-A155-C7FEC624C9E4}
		{F0DD22C0-3D4B-3834-BF04-83DA43C28B92} = {286A9B51-F331-3383-A0DB-3895728F82C5}
	EndGlobalSection
	GlobalSection(ExtensibilityGlobals) = postSolution
		SolutionGuid = {004DF961-9E15-3EED-BCFF-7F80986E676C}
	EndGlobalSection
	GlobalSection(ExtensibilityAddIns) = postSolution
	EndGlobalSection
EndGlobal
